
Microsoft Visual Studio Solution File, Format Version 12.00
# Visual Studio 15
VisualStudioVersion = 15.0.26730.16
MinimumVisualStudioVersion = 10.0.40219.1
Project("{8BC9CEB8-8B4A-11D0-8D11-00A0C91BC942}") = "01_PrimeNum", "01_PrimeNum\01_PrimeNum.vcxproj", "{C41B63B0-E082-4313-B6D7-B13862EF6AEE}"
EndProject
Project("{8BC9CEB8-8B4A-11D0-8D11-00A0C91BC942}") = "02_DFS", "DFS\DFS.vcxproj", "{C0122E43-C5D2-4D1C-896B-B8B2F3A06148}"
EndProject
Project("{8BC9CEB8-8B4A-11D0-8D11-00A0C91BC942}") = "library_test", "library_test\library_test.vcxproj", "{8D4C6C82-2DAB-4DBE-9186-BF7AFC7851B6}"
EndProject
Project("{8BC9CEB8-8B4A-11D0-8D11-00A0C91BC942}") = "백트래킹", "백트래킹\백트래킹.vcxproj", "{7EE8BC16-040F-4AFC-8AA2-651D939B128C}"
EndProject
Project("{8BC9CEB8-8B4A-11D0-8D11-00A0C91BC942}") = "vector", "vector\vector.vcxproj", "{4E0EB1DE-04CD-4512-96C6-BF2947E5E06B}"
EndProject
Project("{8BC9CEB8-8B4A-11D0-8D11-00A0C91BC942}") = "list", "list\list.vcxproj", "{038807DE-7AE6-46C0-97DF-5592B7710EC9}"
EndProject
Project("{8BC9CEB8-8B4A-11D0-8D11-00A0C91BC942}") = "sort_test", "sort_test\sort_test.vcxproj", "{E120224C-3B0E-4127-95EE-D55F85A52687}"
EndProject
Project("{8BC9CEB8-8B4A-11D0-8D11-00A0C91BC942}") = "binary_search", "binary_search\binary_search.vcxproj", "{72348335-38C0-445D-80C1-916A9CB7A8E4}"
EndProject
Project("{8BC9CEB8-8B4A-11D0-8D11-00A0C91BC942}") = "knapsack_0_1", "knapsack_0_1\knapsack_0_1.vcxproj", "{C1C1967F-DFA0-4EE1-B91D-431ADD2B8AA6}"
EndProject
Project("{8BC9CEB8-8B4A-11D0-8D11-00A0C91BC942}") = "부분배열", "부분배열\부분배열.vcxproj", "{B750AC77-9D11-4FA6-809A-621A172D0A90}"
EndProject
Project("{888888A0-9F3D-457C-B088-3A5042F75D52}") = "DataGen", "DataGen\DataGen.pyproj", "{C7E616F5-9CCE-4B23-ADE9-C4B91E5FE520}"
EndProject
Project("{8BC9CEB8-8B4A-11D0-8D11-00A0C91BC942}") = "knapasck_01_retry", "knapasck_01_retry\knapasck_01_retry.vcxproj", "{2BB36E4A-12A4-4AA2-A22B-2241DC68AC2D}"
EndProject
Project("{8BC9CEB8-8B4A-11D0-8D11-00A0C91BC942}") = "BubbleSort", "BubbleSort\BubbleSort.vcxproj", "{A470FF27-6FB2-4FC8-BD3F-9D5FCF6F974E}"
EndProject
Project("{8BC9CEB8-8B4A-11D0-8D11-00A0C91BC942}") = "LCS", "LCS\LCS.vcxproj", "{98585A08-B4A6-40EC-9531-95FAF5B49DDA}"
EndProject
Project("{8BC9CEB8-8B4A-11D0-8D11-00A0C91BC942}") = "행렬곱셈", "핼렬곱셈\핼렬곱셈.vcxproj", "{35E1A34D-6CF2-49E8-AFF1-39259612BF20}"
EndProject
Project("{8BC9CEB8-8B4A-11D0-8D11-00A0C91BC942}") = "조약돌놓기", "조약돌놓기\조약돌놓기.vcxproj", "{E88E0472-A9DA-41A0-9C3F-7DBF306CF591}"
EndProject
Project("{8BC9CEB8-8B4A-11D0-8D11-00A0C91BC942}") = "피보나치", "피보나치\피보나치.vcxproj", "{B9518799-9B98-4B3A-957D-ACA8B25CBAFD}"
EndProject
Project("{8BC9CEB8-8B4A-11D0-8D11-00A0C91BC942}") = "키큰사람은몇명", "키큰사람은몇명\키큰사람은몇명.vcxproj", "{A691D169-69D6-45E8-A202-E1E81CC53ABA}"
EndProject
Project("{8BC9CEB8-8B4A-11D0-8D11-00A0C91BC942}") = "test_1", "test_1\test_1.vcxproj", "{A5419EA4-E878-4474-B1E7-A5DC34F84B9A}"
EndProject
Project("{8BC9CEB8-8B4A-11D0-8D11-00A0C91BC942}") = "백준1999_최대최소", "백준1999_최대최소\백준1999_최대최소.vcxproj", "{63615DD6-1538-465A-A9EA-ACA7D872F148}"
EndProject
Project("{8BC9CEB8-8B4A-11D0-8D11-00A0C91BC942}") = "백준_2042_구간합구하기", "백준_2042_구간합구하기\백준_2042_구간합구하기.vcxproj", "{ED214E9D-FFDF-49C4-800A-C3F614D5D546}"
EndProject
Project("{8BC9CEB8-8B4A-11D0-8D11-00A0C91BC942}") = "백준_11505_구간곱구하기", "백준_11505_구간곱구하기\백준_11505_구간곱구하기.vcxproj", "{7C0A17E5-56EB-43CD-8FCB-A7828692FB25}"
EndProject
Project("{8BC9CEB8-8B4A-11D0-8D11-00A0C91BC942}") = "백준_10868_최소값", "백준_10868_최소값\백준_10868_최소값.vcxproj", "{7D76012E-36AB-4EAD-9DA6-A1ABDDC5293F}"
EndProject
Project("{8BC9CEB8-8B4A-11D0-8D11-00A0C91BC942}") = "백준_7469_K번째수", "백준_7469_K번째수\백준_7469_K번째수.vcxproj", "{9D7E556D-6CAE-48B3-806A-2AB22FC768CF}"
EndProject
Project("{8BC9CEB8-8B4A-11D0-8D11-00A0C91BC942}") = "백준_10999_구간합구하기_Lazy_Propagation", "백준_10999_구간합구하기_Lazy_Propagation\백준_10999_구간합구하기_Lazy_Propagation.vcxproj", "{64511938-26E6-440C-A0C7-26C4C3416C9A}"
EndProject
Project("{8BC9CEB8-8B4A-11D0-8D11-00A0C91BC942}") = "백준_1395_스위치", "백준_1395_스위치\백준_1395_스위치.vcxproj", "{27FE66BA-EA7A-4CE3-B282-838FDDF3A97E}"
EndProject
Project("{8BC9CEB8-8B4A-11D0-8D11-00A0C91BC942}") = "백준_6549_히스토그램에서_가장큰_직사각형", "백준_6549_히스토그램에서_가장큰_직사각형\백준_6549_히스토그램에서_가장큰_직사각형.vcxproj", "{2551233E-5311-4FD3-93DB-F5D43D7C5071}"
EndProject
Project("{8BC9CEB8-8B4A-11D0-8D11-00A0C91BC942}") = "백준_7578_공장", "백준_7578_공장\백준_7578_공장.vcxproj", "{54CF105B-75F1-4B3B-BA66-8AE153598FC7}"
EndProject
Project("{8BC9CEB8-8B4A-11D0-8D11-00A0C91BC942}") = "counting_inversions", "counting_inversions\counting_inversions.vcxproj", "{25B111F6-D79E-4C63-B043-189E2DA3735F}"
EndProject
Project("{8BC9CEB8-8B4A-11D0-8D11-00A0C91BC942}") = "data_gen", "data_gen\data_gen.vcxproj", "{9A57124F-8256-47EF-95D5-1005F901D2D7}"
EndProject
Project("{8BC9CEB8-8B4A-11D0-8D11-00A0C91BC942}") = "인접리스트", "인접리스트\인접리스트.vcxproj", "{C4D47A8C-CCDA-4488-BAA3-D68CCDF59A26}"
EndProject
Project("{8BC9CEB8-8B4A-11D0-8D11-00A0C91BC942}") = "백준_1753_최단경로_다익스트라", "백준_1753_최단경로_다익스트라\백준_1753_최단경로_다익스트라.vcxproj", "{61FD5E8F-5CF9-4C0F-A897-972DAD419BA7}"
EndProject
Project("{8BC9CEB8-8B4A-11D0-8D11-00A0C91BC942}") = "백준_5531_버블정렬", "백준_5531_버블정렬\백준_5531_버블정렬.vcxproj", "{BC35A8E4-A005-479B-9844-F0A3339709D8}"
EndProject
Project("{8BC9CEB8-8B4A-11D0-8D11-00A0C91BC942}") = "백준_1517_버블소트", "백준_1517_버블소트\백준_1517_버블소트.vcxproj", "{34F4E13D-A365-4ADF-B54E-3DC2A4CD6BB7}"
EndProject
Project("{8BC9CEB8-8B4A-11D0-8D11-00A0C91BC942}") = "스위치_복습", "스위치_복습\스위치_복습.vcxproj", "{4CA50DB7-5A40-44DC-A9DC-50234ACF58D7}"
EndProject
Project("{8BC9CEB8-8B4A-11D0-8D11-00A0C91BC942}") = "백준_3653_영화수집", "백준_3653_영화수집\백준_3653_영화수집.vcxproj", "{A858FBC3-FD6C-4222-BC9C-81BF4B9B68F9}"
EndProject
Project("{8BC9CEB8-8B4A-11D0-8D11-00A0C91BC942}") = "백준_3392_화성지도", "백준_3392_화성지도\백준_3392_화성지도.vcxproj", "{33BBBC53-321B-4AC5-B1F4-C186220D3192}"
EndProject
Project("{8BC9CEB8-8B4A-11D0-8D11-00A0C91BC942}") = "백준_8983_사냥꾼", "백준_8983_사냥꾼\백준_8983_사냥꾼.vcxproj", "{E19F62DE-4947-418A-939D-E5CF3E24CD46}"
EndProject
Project("{8BC9CEB8-8B4A-11D0-8D11-00A0C91BC942}") = "백준_5419_북서풍", "백준_5419_북서풍\백준_5419_북서풍.vcxproj", "{90D3E167-76E3-48B0-AF43-60D8B0AFC326}"
EndProject
Project("{8BC9CEB8-8B4A-11D0-8D11-00A0C91BC942}") = "백준_2170_선긋기", "백준_2170_선긋기\백준_2170_선긋기.vcxproj", "{BFD915CD-6315-4B78-A75E-4C3FDFE4923F}"
EndProject
Project("{8BC9CEB8-8B4A-11D0-8D11-00A0C91BC942}") = "백준_10167_금광", "백준_10167_금광\백준_10167_금광.vcxproj", "{26DCA223-8A32-4F20-8499-2A5C4DEA45B8}"
EndProject
Project("{8BC9CEB8-8B4A-11D0-8D11-00A0C91BC942}") = "백준_2934_LRH식물", "백준_2934_LRH식물\백준_2934_LRH식물.vcxproj", "{2C43274A-90D6-44DF-9F72-8E85B788EAFF}"
EndProject
Project("{8BC9CEB8-8B4A-11D0-8D11-00A0C91BC942}") = "알고스팟_록페스티벌", "알고스팟_록페스티벌\알고스팟_록페스티벌.vcxproj", "{D25DD645-2CD3-4907-BD9D-F515A8C06F4A}"
EndProject
Project("{8BC9CEB8-8B4A-11D0-8D11-00A0C91BC942}") = "SW검정_기출_경품추첨", "SW검정_기출_경품추첨\SW검정_기출_경품추첨.vcxproj", "{3D8A6295-6342-4B1F-8D31-EAFF58CDF954}"
EndProject
Project("{8BC9CEB8-8B4A-11D0-8D11-00A0C91BC942}") = "다은이_프로그래밍", "다은이_프로그래밍\다은이_프로그래밍.vcxproj", "{50BA5E6D-0196-4774-BD17-6DDF6933957C}"
EndProject
Project("{8BC9CEB8-8B4A-11D0-8D11-00A0C91BC942}") = "백준_1572_중앙값", "백준_1572_중앙값\백준_1572_중앙값.vcxproj", "{454BB75C-20A5-487B-8EA2-150CAB2C7495}"
EndProject
Project("{8BC9CEB8-8B4A-11D0-8D11-00A0C91BC942}") = "백준_1003_피보나치함수", "백준_1003_피보나치함수\백준_1003_피보나치함수.vcxproj", "{2C8E3970-DE7B-4812-9031-F624827349BD}"
EndProject
Project("{8BC9CEB8-8B4A-11D0-8D11-00A0C91BC942}") = "백준_1149_RGB거리", "백준_1149_RGB거리\백준_1149_RGB거리.vcxproj", "{E4A63570-BDB3-4B15-86FE-E94C69BC5B73}"
EndProject
Project("{8BC9CEB8-8B4A-11D0-8D11-00A0C91BC942}") = "백준_1912_연속합", "백준_1912_연속합\백준_1912_연속합.vcxproj", "{DE97B4D2-D190-427C-831A-CC7B9A4BE085}"
EndProject
Global
	GlobalSection(SolutionConfigurationPlatforms) = preSolution
		Debug|Any CPU = Debug|Any CPU
		Debug|Mixed Platforms = Debug|Mixed Platforms
		Debug|Win32 = Debug|Win32
		Debug|x64 = Debug|x64
		Release|Any CPU = Release|Any CPU
		Release|Mixed Platforms = Release|Mixed Platforms
		Release|Win32 = Release|Win32
		Release|x64 = Release|x64
	EndGlobalSection
	GlobalSection(ProjectConfigurationPlatforms) = postSolution
		{C41B63B0-E082-4313-B6D7-B13862EF6AEE}.Debug|Any CPU.ActiveCfg = Debug|Win32
		{C41B63B0-E082-4313-B6D7-B13862EF6AEE}.Debug|Mixed Platforms.ActiveCfg = Debug|Win32
		{C41B63B0-E082-4313-B6D7-B13862EF6AEE}.Debug|Mixed Platforms.Build.0 = Debug|Win32
		{C41B63B0-E082-4313-B6D7-B13862EF6AEE}.Debug|Win32.ActiveCfg = Debug|Win32
		{C41B63B0-E082-4313-B6D7-B13862EF6AEE}.Debug|Win32.Build.0 = Debug|Win32
		{C41B63B0-E082-4313-B6D7-B13862EF6AEE}.Debug|x64.ActiveCfg = Debug|Win32
		{C41B63B0-E082-4313-B6D7-B13862EF6AEE}.Release|Any CPU.ActiveCfg = Release|Win32
		{C41B63B0-E082-4313-B6D7-B13862EF6AEE}.Release|Mixed Platforms.ActiveCfg = Release|Win32
		{C41B63B0-E082-4313-B6D7-B13862EF6AEE}.Release|Mixed Platforms.Build.0 = Release|Win32
		{C41B63B0-E082-4313-B6D7-B13862EF6AEE}.Release|Win32.ActiveCfg = Release|Win32
		{C41B63B0-E082-4313-B6D7-B13862EF6AEE}.Release|Win32.Build.0 = Release|Win32
		{C41B63B0-E082-4313-B6D7-B13862EF6AEE}.Release|x64.ActiveCfg = Release|Win32
		{C0122E43-C5D2-4D1C-896B-B8B2F3A06148}.Debug|Any CPU.ActiveCfg = Debug|Win32
		{C0122E43-C5D2-4D1C-896B-B8B2F3A06148}.Debug|Mixed Platforms.ActiveCfg = Debug|Win32
		{C0122E43-C5D2-4D1C-896B-B8B2F3A06148}.Debug|Mixed Platforms.Build.0 = Debug|Win32
		{C0122E43-C5D2-4D1C-896B-B8B2F3A06148}.Debug|Win32.ActiveCfg = Debug|Win32
		{C0122E43-C5D2-4D1C-896B-B8B2F3A06148}.Debug|Win32.Build.0 = Debug|Win32
		{C0122E43-C5D2-4D1C-896B-B8B2F3A06148}.Debug|x64.ActiveCfg = Debug|Win32
		{C0122E43-C5D2-4D1C-896B-B8B2F3A06148}.Release|Any CPU.ActiveCfg = Release|Win32
		{C0122E43-C5D2-4D1C-896B-B8B2F3A06148}.Release|Mixed Platforms.ActiveCfg = Release|Win32
		{C0122E43-C5D2-4D1C-896B-B8B2F3A06148}.Release|Mixed Platforms.Build.0 = Release|Win32
		{C0122E43-C5D2-4D1C-896B-B8B2F3A06148}.Release|Win32.ActiveCfg = Release|Win32
		{C0122E43-C5D2-4D1C-896B-B8B2F3A06148}.Release|Win32.Build.0 = Release|Win32
		{C0122E43-C5D2-4D1C-896B-B8B2F3A06148}.Release|x64.ActiveCfg = Release|Win32
		{8D4C6C82-2DAB-4DBE-9186-BF7AFC7851B6}.Debug|Any CPU.ActiveCfg = Debug|Win32
		{8D4C6C82-2DAB-4DBE-9186-BF7AFC7851B6}.Debug|Mixed Platforms.ActiveCfg = Debug|Win32
		{8D4C6C82-2DAB-4DBE-9186-BF7AFC7851B6}.Debug|Mixed Platforms.Build.0 = Debug|Win32
		{8D4C6C82-2DAB-4DBE-9186-BF7AFC7851B6}.Debug|Win32.ActiveCfg = Debug|Win32
		{8D4C6C82-2DAB-4DBE-9186-BF7AFC7851B6}.Debug|Win32.Build.0 = Debug|Win32
		{8D4C6C82-2DAB-4DBE-9186-BF7AFC7851B6}.Debug|x64.ActiveCfg = Debug|Win32
		{8D4C6C82-2DAB-4DBE-9186-BF7AFC7851B6}.Release|Any CPU.ActiveCfg = Release|Win32
		{8D4C6C82-2DAB-4DBE-9186-BF7AFC7851B6}.Release|Mixed Platforms.ActiveCfg = Release|Win32
		{8D4C6C82-2DAB-4DBE-9186-BF7AFC7851B6}.Release|Mixed Platforms.Build.0 = Release|Win32
		{8D4C6C82-2DAB-4DBE-9186-BF7AFC7851B6}.Release|Win32.ActiveCfg = Release|Win32
		{8D4C6C82-2DAB-4DBE-9186-BF7AFC7851B6}.Release|Win32.Build.0 = Release|Win32
		{8D4C6C82-2DAB-4DBE-9186-BF7AFC7851B6}.Release|x64.ActiveCfg = Release|Win32
		{7EE8BC16-040F-4AFC-8AA2-651D939B128C}.Debug|Any CPU.ActiveCfg = Debug|Win32
		{7EE8BC16-040F-4AFC-8AA2-651D939B128C}.Debug|Mixed Platforms.ActiveCfg = Debug|Win32
		{7EE8BC16-040F-4AFC-8AA2-651D939B128C}.Debug|Mixed Platforms.Build.0 = Debug|Win32
		{7EE8BC16-040F-4AFC-8AA2-651D939B128C}.Debug|Win32.ActiveCfg = Debug|Win32
		{7EE8BC16-040F-4AFC-8AA2-651D939B128C}.Debug|Win32.Build.0 = Debug|Win32
		{7EE8BC16-040F-4AFC-8AA2-651D939B128C}.Debug|x64.ActiveCfg = Debug|Win32
		{7EE8BC16-040F-4AFC-8AA2-651D939B128C}.Release|Any CPU.ActiveCfg = Release|Win32
		{7EE8BC16-040F-4AFC-8AA2-651D939B128C}.Release|Mixed Platforms.ActiveCfg = Release|Win32
		{7EE8BC16-040F-4AFC-8AA2-651D939B128C}.Release|Mixed Platforms.Build.0 = Release|Win32
		{7EE8BC16-040F-4AFC-8AA2-651D939B128C}.Release|Win32.ActiveCfg = Release|Win32
		{7EE8BC16-040F-4AFC-8AA2-651D939B128C}.Release|Win32.Build.0 = Release|Win32
		{7EE8BC16-040F-4AFC-8AA2-651D939B128C}.Release|x64.ActiveCfg = Release|Win32
		{4E0EB1DE-04CD-4512-96C6-BF2947E5E06B}.Debug|Any CPU.ActiveCfg = Debug|Win32
		{4E0EB1DE-04CD-4512-96C6-BF2947E5E06B}.Debug|Mixed Platforms.ActiveCfg = Debug|Win32
		{4E0EB1DE-04CD-4512-96C6-BF2947E5E06B}.Debug|Mixed Platforms.Build.0 = Debug|Win32
		{4E0EB1DE-04CD-4512-96C6-BF2947E5E06B}.Debug|Win32.ActiveCfg = Debug|Win32
		{4E0EB1DE-04CD-4512-96C6-BF2947E5E06B}.Debug|Win32.Build.0 = Debug|Win32
		{4E0EB1DE-04CD-4512-96C6-BF2947E5E06B}.Debug|x64.ActiveCfg = Debug|Win32
		{4E0EB1DE-04CD-4512-96C6-BF2947E5E06B}.Release|Any CPU.ActiveCfg = Release|Win32
		{4E0EB1DE-04CD-4512-96C6-BF2947E5E06B}.Release|Mixed Platforms.ActiveCfg = Release|Win32
		{4E0EB1DE-04CD-4512-96C6-BF2947E5E06B}.Release|Mixed Platforms.Build.0 = Release|Win32
		{4E0EB1DE-04CD-4512-96C6-BF2947E5E06B}.Release|Win32.ActiveCfg = Release|Win32
		{4E0EB1DE-04CD-4512-96C6-BF2947E5E06B}.Release|Win32.Build.0 = Release|Win32
		{4E0EB1DE-04CD-4512-96C6-BF2947E5E06B}.Release|x64.ActiveCfg = Release|Win32
		{038807DE-7AE6-46C0-97DF-5592B7710EC9}.Debug|Any CPU.ActiveCfg = Debug|Win32
		{038807DE-7AE6-46C0-97DF-5592B7710EC9}.Debug|Mixed Platforms.ActiveCfg = Debug|Win32
		{038807DE-7AE6-46C0-97DF-5592B7710EC9}.Debug|Mixed Platforms.Build.0 = Debug|Win32
		{038807DE-7AE6-46C0-97DF-5592B7710EC9}.Debug|Win32.ActiveCfg = Debug|Win32
		{038807DE-7AE6-46C0-97DF-5592B7710EC9}.Debug|Win32.Build.0 = Debug|Win32
		{038807DE-7AE6-46C0-97DF-5592B7710EC9}.Debug|x64.ActiveCfg = Debug|Win32
		{038807DE-7AE6-46C0-97DF-5592B7710EC9}.Release|Any CPU.ActiveCfg = Release|Win32
		{038807DE-7AE6-46C0-97DF-5592B7710EC9}.Release|Mixed Platforms.ActiveCfg = Release|Win32
		{038807DE-7AE6-46C0-97DF-5592B7710EC9}.Release|Mixed Platforms.Build.0 = Release|Win32
		{038807DE-7AE6-46C0-97DF-5592B7710EC9}.Release|Win32.ActiveCfg = Release|Win32
		{038807DE-7AE6-46C0-97DF-5592B7710EC9}.Release|Win32.Build.0 = Release|Win32
		{038807DE-7AE6-46C0-97DF-5592B7710EC9}.Release|x64.ActiveCfg = Release|Win32
		{E120224C-3B0E-4127-95EE-D55F85A52687}.Debug|Any CPU.ActiveCfg = Debug|Win32
		{E120224C-3B0E-4127-95EE-D55F85A52687}.Debug|Mixed Platforms.ActiveCfg = Debug|Win32
		{E120224C-3B0E-4127-95EE-D55F85A52687}.Debug|Mixed Platforms.Build.0 = Debug|Win32
		{E120224C-3B0E-4127-95EE-D55F85A52687}.Debug|Win32.ActiveCfg = Debug|Win32
		{E120224C-3B0E-4127-95EE-D55F85A52687}.Debug|Win32.Build.0 = Debug|Win32
		{E120224C-3B0E-4127-95EE-D55F85A52687}.Debug|x64.ActiveCfg = Debug|Win32
		{E120224C-3B0E-4127-95EE-D55F85A52687}.Release|Any CPU.ActiveCfg = Release|Win32
		{E120224C-3B0E-4127-95EE-D55F85A52687}.Release|Mixed Platforms.ActiveCfg = Release|Win32
		{E120224C-3B0E-4127-95EE-D55F85A52687}.Release|Mixed Platforms.Build.0 = Release|Win32
		{E120224C-3B0E-4127-95EE-D55F85A52687}.Release|Win32.ActiveCfg = Release|Win32
		{E120224C-3B0E-4127-95EE-D55F85A52687}.Release|Win32.Build.0 = Release|Win32
		{E120224C-3B0E-4127-95EE-D55F85A52687}.Release|x64.ActiveCfg = Release|Win32
		{72348335-38C0-445D-80C1-916A9CB7A8E4}.Debug|Any CPU.ActiveCfg = Debug|Win32
		{72348335-38C0-445D-80C1-916A9CB7A8E4}.Debug|Mixed Platforms.ActiveCfg = Debug|Win32
		{72348335-38C0-445D-80C1-916A9CB7A8E4}.Debug|Mixed Platforms.Build.0 = Debug|Win32
		{72348335-38C0-445D-80C1-916A9CB7A8E4}.Debug|Win32.ActiveCfg = Debug|Win32
		{72348335-38C0-445D-80C1-916A9CB7A8E4}.Debug|Win32.Build.0 = Debug|Win32
		{72348335-38C0-445D-80C1-916A9CB7A8E4}.Debug|x64.ActiveCfg = Debug|Win32
		{72348335-38C0-445D-80C1-916A9CB7A8E4}.Release|Any CPU.ActiveCfg = Release|Win32
		{72348335-38C0-445D-80C1-916A9CB7A8E4}.Release|Mixed Platforms.ActiveCfg = Release|Win32
		{72348335-38C0-445D-80C1-916A9CB7A8E4}.Release|Mixed Platforms.Build.0 = Release|Win32
		{72348335-38C0-445D-80C1-916A9CB7A8E4}.Release|Win32.ActiveCfg = Release|Win32
		{72348335-38C0-445D-80C1-916A9CB7A8E4}.Release|Win32.Build.0 = Release|Win32
		{72348335-38C0-445D-80C1-916A9CB7A8E4}.Release|x64.ActiveCfg = Release|Win32
		{C1C1967F-DFA0-4EE1-B91D-431ADD2B8AA6}.Debug|Any CPU.ActiveCfg = Debug|Win32
		{C1C1967F-DFA0-4EE1-B91D-431ADD2B8AA6}.Debug|Mixed Platforms.ActiveCfg = Debug|Win32
		{C1C1967F-DFA0-4EE1-B91D-431ADD2B8AA6}.Debug|Mixed Platforms.Build.0 = Debug|Win32
		{C1C1967F-DFA0-4EE1-B91D-431ADD2B8AA6}.Debug|Win32.ActiveCfg = Debug|Win32
		{C1C1967F-DFA0-4EE1-B91D-431ADD2B8AA6}.Debug|Win32.Build.0 = Debug|Win32
		{C1C1967F-DFA0-4EE1-B91D-431ADD2B8AA6}.Debug|x64.ActiveCfg = Debug|Win32
		{C1C1967F-DFA0-4EE1-B91D-431ADD2B8AA6}.Release|Any CPU.ActiveCfg = Release|Win32
		{C1C1967F-DFA0-4EE1-B91D-431ADD2B8AA6}.Release|Mixed Platforms.ActiveCfg = Release|Win32
		{C1C1967F-DFA0-4EE1-B91D-431ADD2B8AA6}.Release|Mixed Platforms.Build.0 = Release|Win32
		{C1C1967F-DFA0-4EE1-B91D-431ADD2B8AA6}.Release|Win32.ActiveCfg = Release|Win32
		{C1C1967F-DFA0-4EE1-B91D-431ADD2B8AA6}.Release|Win32.Build.0 = Release|Win32
		{C1C1967F-DFA0-4EE1-B91D-431ADD2B8AA6}.Release|x64.ActiveCfg = Release|Win32
		{B750AC77-9D11-4FA6-809A-621A172D0A90}.Debug|Any CPU.ActiveCfg = Debug|Win32
		{B750AC77-9D11-4FA6-809A-621A172D0A90}.Debug|Mixed Platforms.ActiveCfg = Debug|Win32
		{B750AC77-9D11-4FA6-809A-621A172D0A90}.Debug|Mixed Platforms.Build.0 = Debug|Win32
		{B750AC77-9D11-4FA6-809A-621A172D0A90}.Debug|Win32.ActiveCfg = Debug|Win32
		{B750AC77-9D11-4FA6-809A-621A172D0A90}.Debug|Win32.Build.0 = Debug|Win32
		{B750AC77-9D11-4FA6-809A-621A172D0A90}.Debug|x64.ActiveCfg = Debug|Win32
		{B750AC77-9D11-4FA6-809A-621A172D0A90}.Release|Any CPU.ActiveCfg = Release|Win32
		{B750AC77-9D11-4FA6-809A-621A172D0A90}.Release|Mixed Platforms.ActiveCfg = Release|Win32
		{B750AC77-9D11-4FA6-809A-621A172D0A90}.Release|Mixed Platforms.Build.0 = Release|Win32
		{B750AC77-9D11-4FA6-809A-621A172D0A90}.Release|Win32.ActiveCfg = Release|Win32
		{B750AC77-9D11-4FA6-809A-621A172D0A90}.Release|Win32.Build.0 = Release|Win32
		{B750AC77-9D11-4FA6-809A-621A172D0A90}.Release|x64.ActiveCfg = Release|Win32
		{C7E616F5-9CCE-4B23-ADE9-C4B91E5FE520}.Debug|Any CPU.ActiveCfg = Debug|Any CPU
		{C7E616F5-9CCE-4B23-ADE9-C4B91E5FE520}.Debug|Mixed Platforms.ActiveCfg = Debug|Any CPU
		{C7E616F5-9CCE-4B23-ADE9-C4B91E5FE520}.Debug|Win32.ActiveCfg = Debug|Any CPU
		{C7E616F5-9CCE-4B23-ADE9-C4B91E5FE520}.Debug|x64.ActiveCfg = Debug|Any CPU
		{C7E616F5-9CCE-4B23-ADE9-C4B91E5FE520}.Release|Any CPU.ActiveCfg = Release|Any CPU
		{C7E616F5-9CCE-4B23-ADE9-C4B91E5FE520}.Release|Mixed Platforms.ActiveCfg = Release|Any CPU
		{C7E616F5-9CCE-4B23-ADE9-C4B91E5FE520}.Release|Win32.ActiveCfg = Release|Any CPU
		{C7E616F5-9CCE-4B23-ADE9-C4B91E5FE520}.Release|x64.ActiveCfg = Release|Any CPU
		{2BB36E4A-12A4-4AA2-A22B-2241DC68AC2D}.Debug|Any CPU.ActiveCfg = Debug|Win32
		{2BB36E4A-12A4-4AA2-A22B-2241DC68AC2D}.Debug|Mixed Platforms.ActiveCfg = Debug|Win32
		{2BB36E4A-12A4-4AA2-A22B-2241DC68AC2D}.Debug|Mixed Platforms.Build.0 = Debug|Win32
		{2BB36E4A-12A4-4AA2-A22B-2241DC68AC2D}.Debug|Win32.ActiveCfg = Debug|Win32
		{2BB36E4A-12A4-4AA2-A22B-2241DC68AC2D}.Debug|Win32.Build.0 = Debug|Win32
		{2BB36E4A-12A4-4AA2-A22B-2241DC68AC2D}.Debug|x64.ActiveCfg = Debug|Win32
		{2BB36E4A-12A4-4AA2-A22B-2241DC68AC2D}.Release|Any CPU.ActiveCfg = Release|Win32
		{2BB36E4A-12A4-4AA2-A22B-2241DC68AC2D}.Release|Mixed Platforms.ActiveCfg = Release|Win32
		{2BB36E4A-12A4-4AA2-A22B-2241DC68AC2D}.Release|Mixed Platforms.Build.0 = Release|Win32
		{2BB36E4A-12A4-4AA2-A22B-2241DC68AC2D}.Release|Win32.ActiveCfg = Release|Win32
		{2BB36E4A-12A4-4AA2-A22B-2241DC68AC2D}.Release|Win32.Build.0 = Release|Win32
		{2BB36E4A-12A4-4AA2-A22B-2241DC68AC2D}.Release|x64.ActiveCfg = Release|Win32
		{A470FF27-6FB2-4FC8-BD3F-9D5FCF6F974E}.Debug|Any CPU.ActiveCfg = Debug|Win32
		{A470FF27-6FB2-4FC8-BD3F-9D5FCF6F974E}.Debug|Mixed Platforms.ActiveCfg = Debug|Win32
		{A470FF27-6FB2-4FC8-BD3F-9D5FCF6F974E}.Debug|Mixed Platforms.Build.0 = Debug|Win32
		{A470FF27-6FB2-4FC8-BD3F-9D5FCF6F974E}.Debug|Win32.ActiveCfg = Debug|Win32
		{A470FF27-6FB2-4FC8-BD3F-9D5FCF6F974E}.Debug|Win32.Build.0 = Debug|Win32
		{A470FF27-6FB2-4FC8-BD3F-9D5FCF6F974E}.Debug|x64.ActiveCfg = Debug|x64
		{A470FF27-6FB2-4FC8-BD3F-9D5FCF6F974E}.Debug|x64.Build.0 = Debug|x64
		{A470FF27-6FB2-4FC8-BD3F-9D5FCF6F974E}.Release|Any CPU.ActiveCfg = Release|Win32
		{A470FF27-6FB2-4FC8-BD3F-9D5FCF6F974E}.Release|Mixed Platforms.ActiveCfg = Release|Win32
		{A470FF27-6FB2-4FC8-BD3F-9D5FCF6F974E}.Release|Mixed Platforms.Build.0 = Release|Win32
		{A470FF27-6FB2-4FC8-BD3F-9D5FCF6F974E}.Release|Win32.ActiveCfg = Release|Win32
		{A470FF27-6FB2-4FC8-BD3F-9D5FCF6F974E}.Release|Win32.Build.0 = Release|Win32
		{A470FF27-6FB2-4FC8-BD3F-9D5FCF6F974E}.Release|x64.ActiveCfg = Release|x64
		{A470FF27-6FB2-4FC8-BD3F-9D5FCF6F974E}.Release|x64.Build.0 = Release|x64
		{98585A08-B4A6-40EC-9531-95FAF5B49DDA}.Debug|Any CPU.ActiveCfg = Debug|Win32
		{98585A08-B4A6-40EC-9531-95FAF5B49DDA}.Debug|Mixed Platforms.ActiveCfg = Debug|Win32
		{98585A08-B4A6-40EC-9531-95FAF5B49DDA}.Debug|Mixed Platforms.Build.0 = Debug|Win32
		{98585A08-B4A6-40EC-9531-95FAF5B49DDA}.Debug|Win32.ActiveCfg = Debug|Win32
		{98585A08-B4A6-40EC-9531-95FAF5B49DDA}.Debug|Win32.Build.0 = Debug|Win32
		{98585A08-B4A6-40EC-9531-95FAF5B49DDA}.Debug|x64.ActiveCfg = Debug|x64
		{98585A08-B4A6-40EC-9531-95FAF5B49DDA}.Debug|x64.Build.0 = Debug|x64
		{98585A08-B4A6-40EC-9531-95FAF5B49DDA}.Release|Any CPU.ActiveCfg = Release|Win32
		{98585A08-B4A6-40EC-9531-95FAF5B49DDA}.Release|Mixed Platforms.ActiveCfg = Release|Win32
		{98585A08-B4A6-40EC-9531-95FAF5B49DDA}.Release|Mixed Platforms.Build.0 = Release|Win32
		{98585A08-B4A6-40EC-9531-95FAF5B49DDA}.Release|Win32.ActiveCfg = Release|Win32
		{98585A08-B4A6-40EC-9531-95FAF5B49DDA}.Release|Win32.Build.0 = Release|Win32
		{98585A08-B4A6-40EC-9531-95FAF5B49DDA}.Release|x64.ActiveCfg = Release|x64
		{98585A08-B4A6-40EC-9531-95FAF5B49DDA}.Release|x64.Build.0 = Release|x64
		{35E1A34D-6CF2-49E8-AFF1-39259612BF20}.Debug|Any CPU.ActiveCfg = Debug|Win32
		{35E1A34D-6CF2-49E8-AFF1-39259612BF20}.Debug|Mixed Platforms.ActiveCfg = Debug|Win32
		{35E1A34D-6CF2-49E8-AFF1-39259612BF20}.Debug|Mixed Platforms.Build.0 = Debug|Win32
		{35E1A34D-6CF2-49E8-AFF1-39259612BF20}.Debug|Win32.ActiveCfg = Debug|Win32
		{35E1A34D-6CF2-49E8-AFF1-39259612BF20}.Debug|Win32.Build.0 = Debug|Win32
		{35E1A34D-6CF2-49E8-AFF1-39259612BF20}.Debug|x64.ActiveCfg = Debug|x64
		{35E1A34D-6CF2-49E8-AFF1-39259612BF20}.Debug|x64.Build.0 = Debug|x64
		{35E1A34D-6CF2-49E8-AFF1-39259612BF20}.Release|Any CPU.ActiveCfg = Release|Win32
		{35E1A34D-6CF2-49E8-AFF1-39259612BF20}.Release|Mixed Platforms.ActiveCfg = Release|Win32
		{35E1A34D-6CF2-49E8-AFF1-39259612BF20}.Release|Mixed Platforms.Build.0 = Release|Win32
		{35E1A34D-6CF2-49E8-AFF1-39259612BF20}.Release|Win32.ActiveCfg = Release|Win32
		{35E1A34D-6CF2-49E8-AFF1-39259612BF20}.Release|Win32.Build.0 = Release|Win32
		{35E1A34D-6CF2-49E8-AFF1-39259612BF20}.Release|x64.ActiveCfg = Release|x64
		{35E1A34D-6CF2-49E8-AFF1-39259612BF20}.Release|x64.Build.0 = Release|x64
		{E88E0472-A9DA-41A0-9C3F-7DBF306CF591}.Debug|Any CPU.ActiveCfg = Debug|Win32
		{E88E0472-A9DA-41A0-9C3F-7DBF306CF591}.Debug|Mixed Platforms.ActiveCfg = Debug|Win32
		{E88E0472-A9DA-41A0-9C3F-7DBF306CF591}.Debug|Mixed Platforms.Build.0 = Debug|Win32
		{E88E0472-A9DA-41A0-9C3F-7DBF306CF591}.Debug|Win32.ActiveCfg = Debug|Win32
		{E88E0472-A9DA-41A0-9C3F-7DBF306CF591}.Debug|Win32.Build.0 = Debug|Win32
		{E88E0472-A9DA-41A0-9C3F-7DBF306CF591}.Debug|x64.ActiveCfg = Debug|x64
		{E88E0472-A9DA-41A0-9C3F-7DBF306CF591}.Debug|x64.Build.0 = Debug|x64
		{E88E0472-A9DA-41A0-9C3F-7DBF306CF591}.Release|Any CPU.ActiveCfg = Release|Win32
		{E88E0472-A9DA-41A0-9C3F-7DBF306CF591}.Release|Mixed Platforms.ActiveCfg = Release|Win32
		{E88E0472-A9DA-41A0-9C3F-7DBF306CF591}.Release|Mixed Platforms.Build.0 = Release|Win32
		{E88E0472-A9DA-41A0-9C3F-7DBF306CF591}.Release|Win32.ActiveCfg = Release|Win32
		{E88E0472-A9DA-41A0-9C3F-7DBF306CF591}.Release|Win32.Build.0 = Release|Win32
		{E88E0472-A9DA-41A0-9C3F-7DBF306CF591}.Release|x64.ActiveCfg = Release|x64
		{E88E0472-A9DA-41A0-9C3F-7DBF306CF591}.Release|x64.Build.0 = Release|x64
		{B9518799-9B98-4B3A-957D-ACA8B25CBAFD}.Debug|Any CPU.ActiveCfg = Debug|Win32
		{B9518799-9B98-4B3A-957D-ACA8B25CBAFD}.Debug|Mixed Platforms.ActiveCfg = Debug|Win32
		{B9518799-9B98-4B3A-957D-ACA8B25CBAFD}.Debug|Mixed Platforms.Build.0 = Debug|Win32
		{B9518799-9B98-4B3A-957D-ACA8B25CBAFD}.Debug|Win32.ActiveCfg = Debug|Win32
		{B9518799-9B98-4B3A-957D-ACA8B25CBAFD}.Debug|Win32.Build.0 = Debug|Win32
		{B9518799-9B98-4B3A-957D-ACA8B25CBAFD}.Debug|x64.ActiveCfg = Debug|x64
		{B9518799-9B98-4B3A-957D-ACA8B25CBAFD}.Debug|x64.Build.0 = Debug|x64
		{B9518799-9B98-4B3A-957D-ACA8B25CBAFD}.Release|Any CPU.ActiveCfg = Release|Win32
		{B9518799-9B98-4B3A-957D-ACA8B25CBAFD}.Release|Mixed Platforms.ActiveCfg = Release|Win32
		{B9518799-9B98-4B3A-957D-ACA8B25CBAFD}.Release|Mixed Platforms.Build.0 = Release|Win32
		{B9518799-9B98-4B3A-957D-ACA8B25CBAFD}.Release|Win32.ActiveCfg = Release|Win32
		{B9518799-9B98-4B3A-957D-ACA8B25CBAFD}.Release|Win32.Build.0 = Release|Win32
		{B9518799-9B98-4B3A-957D-ACA8B25CBAFD}.Release|x64.ActiveCfg = Release|x64
		{B9518799-9B98-4B3A-957D-ACA8B25CBAFD}.Release|x64.Build.0 = Release|x64
		{A691D169-69D6-45E8-A202-E1E81CC53ABA}.Debug|Any CPU.ActiveCfg = Debug|Win32
		{A691D169-69D6-45E8-A202-E1E81CC53ABA}.Debug|Mixed Platforms.ActiveCfg = Debug|Win32
		{A691D169-69D6-45E8-A202-E1E81CC53ABA}.Debug|Mixed Platforms.Build.0 = Debug|Win32
		{A691D169-69D6-45E8-A202-E1E81CC53ABA}.Debug|Win32.ActiveCfg = Debug|Win32
		{A691D169-69D6-45E8-A202-E1E81CC53ABA}.Debug|Win32.Build.0 = Debug|Win32
		{A691D169-69D6-45E8-A202-E1E81CC53ABA}.Debug|x64.ActiveCfg = Debug|x64
		{A691D169-69D6-45E8-A202-E1E81CC53ABA}.Debug|x64.Build.0 = Debug|x64
		{A691D169-69D6-45E8-A202-E1E81CC53ABA}.Release|Any CPU.ActiveCfg = Release|Win32
		{A691D169-69D6-45E8-A202-E1E81CC53ABA}.Release|Mixed Platforms.ActiveCfg = Release|Win32
		{A691D169-69D6-45E8-A202-E1E81CC53ABA}.Release|Mixed Platforms.Build.0 = Release|Win32
		{A691D169-69D6-45E8-A202-E1E81CC53ABA}.Release|Win32.ActiveCfg = Release|Win32
		{A691D169-69D6-45E8-A202-E1E81CC53ABA}.Release|Win32.Build.0 = Release|Win32
		{A691D169-69D6-45E8-A202-E1E81CC53ABA}.Release|x64.ActiveCfg = Release|x64
		{A691D169-69D6-45E8-A202-E1E81CC53ABA}.Release|x64.Build.0 = Release|x64
		{A5419EA4-E878-4474-B1E7-A5DC34F84B9A}.Debug|Any CPU.ActiveCfg = Debug|Win32
		{A5419EA4-E878-4474-B1E7-A5DC34F84B9A}.Debug|Mixed Platforms.ActiveCfg = Debug|Win32
		{A5419EA4-E878-4474-B1E7-A5DC34F84B9A}.Debug|Mixed Platforms.Build.0 = Debug|Win32
		{A5419EA4-E878-4474-B1E7-A5DC34F84B9A}.Debug|Win32.ActiveCfg = Debug|Win32
		{A5419EA4-E878-4474-B1E7-A5DC34F84B9A}.Debug|Win32.Build.0 = Debug|Win32
		{A5419EA4-E878-4474-B1E7-A5DC34F84B9A}.Debug|x64.ActiveCfg = Debug|x64
		{A5419EA4-E878-4474-B1E7-A5DC34F84B9A}.Debug|x64.Build.0 = Debug|x64
		{A5419EA4-E878-4474-B1E7-A5DC34F84B9A}.Release|Any CPU.ActiveCfg = Release|Win32
		{A5419EA4-E878-4474-B1E7-A5DC34F84B9A}.Release|Mixed Platforms.ActiveCfg = Release|Win32
		{A5419EA4-E878-4474-B1E7-A5DC34F84B9A}.Release|Mixed Platforms.Build.0 = Release|Win32
		{A5419EA4-E878-4474-B1E7-A5DC34F84B9A}.Release|Win32.ActiveCfg = Release|Win32
		{A5419EA4-E878-4474-B1E7-A5DC34F84B9A}.Release|Win32.Build.0 = Release|Win32
		{A5419EA4-E878-4474-B1E7-A5DC34F84B9A}.Release|x64.ActiveCfg = Release|x64
		{A5419EA4-E878-4474-B1E7-A5DC34F84B9A}.Release|x64.Build.0 = Release|x64
		{63615DD6-1538-465A-A9EA-ACA7D872F148}.Debug|Any CPU.ActiveCfg = Debug|Win32
		{63615DD6-1538-465A-A9EA-ACA7D872F148}.Debug|Mixed Platforms.ActiveCfg = Debug|Win32
		{63615DD6-1538-465A-A9EA-ACA7D872F148}.Debug|Mixed Platforms.Build.0 = Debug|Win32
		{63615DD6-1538-465A-A9EA-ACA7D872F148}.Debug|Win32.ActiveCfg = Debug|Win32
		{63615DD6-1538-465A-A9EA-ACA7D872F148}.Debug|Win32.Build.0 = Debug|Win32
		{63615DD6-1538-465A-A9EA-ACA7D872F148}.Debug|x64.ActiveCfg = Debug|x64
		{63615DD6-1538-465A-A9EA-ACA7D872F148}.Debug|x64.Build.0 = Debug|x64
		{63615DD6-1538-465A-A9EA-ACA7D872F148}.Release|Any CPU.ActiveCfg = Release|Win32
		{63615DD6-1538-465A-A9EA-ACA7D872F148}.Release|Mixed Platforms.ActiveCfg = Release|Win32
		{63615DD6-1538-465A-A9EA-ACA7D872F148}.Release|Mixed Platforms.Build.0 = Release|Win32
		{63615DD6-1538-465A-A9EA-ACA7D872F148}.Release|Win32.ActiveCfg = Release|Win32
		{63615DD6-1538-465A-A9EA-ACA7D872F148}.Release|Win32.Build.0 = Release|Win32
		{63615DD6-1538-465A-A9EA-ACA7D872F148}.Release|x64.ActiveCfg = Release|x64
		{63615DD6-1538-465A-A9EA-ACA7D872F148}.Release|x64.Build.0 = Release|x64
		{ED214E9D-FFDF-49C4-800A-C3F614D5D546}.Debug|Any CPU.ActiveCfg = Debug|Win32
		{ED214E9D-FFDF-49C4-800A-C3F614D5D546}.Debug|Mixed Platforms.ActiveCfg = Debug|Win32
		{ED214E9D-FFDF-49C4-800A-C3F614D5D546}.Debug|Mixed Platforms.Build.0 = Debug|Win32
		{ED214E9D-FFDF-49C4-800A-C3F614D5D546}.Debug|Win32.ActiveCfg = Debug|Win32
		{ED214E9D-FFDF-49C4-800A-C3F614D5D546}.Debug|Win32.Build.0 = Debug|Win32
		{ED214E9D-FFDF-49C4-800A-C3F614D5D546}.Debug|x64.ActiveCfg = Debug|x64
		{ED214E9D-FFDF-49C4-800A-C3F614D5D546}.Debug|x64.Build.0 = Debug|x64
		{ED214E9D-FFDF-49C4-800A-C3F614D5D546}.Release|Any CPU.ActiveCfg = Release|Win32
		{ED214E9D-FFDF-49C4-800A-C3F614D5D546}.Release|Mixed Platforms.ActiveCfg = Release|Win32
		{ED214E9D-FFDF-49C4-800A-C3F614D5D546}.Release|Mixed Platforms.Build.0 = Release|Win32
		{ED214E9D-FFDF-49C4-800A-C3F614D5D546}.Release|Win32.ActiveCfg = Release|Win32
		{ED214E9D-FFDF-49C4-800A-C3F614D5D546}.Release|Win32.Build.0 = Release|Win32
		{ED214E9D-FFDF-49C4-800A-C3F614D5D546}.Release|x64.ActiveCfg = Release|x64
		{ED214E9D-FFDF-49C4-800A-C3F614D5D546}.Release|x64.Build.0 = Release|x64
		{7C0A17E5-56EB-43CD-8FCB-A7828692FB25}.Debug|Any CPU.ActiveCfg = Debug|Win32
		{7C0A17E5-56EB-43CD-8FCB-A7828692FB25}.Debug|Mixed Platforms.ActiveCfg = Debug|Win32
		{7C0A17E5-56EB-43CD-8FCB-A7828692FB25}.Debug|Mixed Platforms.Build.0 = Debug|Win32
		{7C0A17E5-56EB-43CD-8FCB-A7828692FB25}.Debug|Win32.ActiveCfg = Debug|Win32
		{7C0A17E5-56EB-43CD-8FCB-A7828692FB25}.Debug|Win32.Build.0 = Debug|Win32
		{7C0A17E5-56EB-43CD-8FCB-A7828692FB25}.Debug|x64.ActiveCfg = Debug|x64
		{7C0A17E5-56EB-43CD-8FCB-A7828692FB25}.Debug|x64.Build.0 = Debug|x64
		{7C0A17E5-56EB-43CD-8FCB-A7828692FB25}.Release|Any CPU.ActiveCfg = Release|Win32
		{7C0A17E5-56EB-43CD-8FCB-A7828692FB25}.Release|Mixed Platforms.ActiveCfg = Release|Win32
		{7C0A17E5-56EB-43CD-8FCB-A7828692FB25}.Release|Mixed Platforms.Build.0 = Release|Win32
		{7C0A17E5-56EB-43CD-8FCB-A7828692FB25}.Release|Win32.ActiveCfg = Release|Win32
		{7C0A17E5-56EB-43CD-8FCB-A7828692FB25}.Release|Win32.Build.0 = Release|Win32
		{7C0A17E5-56EB-43CD-8FCB-A7828692FB25}.Release|x64.ActiveCfg = Release|x64
		{7C0A17E5-56EB-43CD-8FCB-A7828692FB25}.Release|x64.Build.0 = Release|x64
		{7D76012E-36AB-4EAD-9DA6-A1ABDDC5293F}.Debug|Any CPU.ActiveCfg = Debug|Win32
		{7D76012E-36AB-4EAD-9DA6-A1ABDDC5293F}.Debug|Mixed Platforms.ActiveCfg = Debug|Win32
		{7D76012E-36AB-4EAD-9DA6-A1ABDDC5293F}.Debug|Mixed Platforms.Build.0 = Debug|Win32
		{7D76012E-36AB-4EAD-9DA6-A1ABDDC5293F}.Debug|Win32.ActiveCfg = Debug|Win32
		{7D76012E-36AB-4EAD-9DA6-A1ABDDC5293F}.Debug|Win32.Build.0 = Debug|Win32
		{7D76012E-36AB-4EAD-9DA6-A1ABDDC5293F}.Debug|x64.ActiveCfg = Debug|x64
		{7D76012E-36AB-4EAD-9DA6-A1ABDDC5293F}.Debug|x64.Build.0 = Debug|x64
		{7D76012E-36AB-4EAD-9DA6-A1ABDDC5293F}.Release|Any CPU.ActiveCfg = Release|Win32
		{7D76012E-36AB-4EAD-9DA6-A1ABDDC5293F}.Release|Mixed Platforms.ActiveCfg = Release|Win32
		{7D76012E-36AB-4EAD-9DA6-A1ABDDC5293F}.Release|Mixed Platforms.Build.0 = Release|Win32
		{7D76012E-36AB-4EAD-9DA6-A1ABDDC5293F}.Release|Win32.ActiveCfg = Release|Win32
		{7D76012E-36AB-4EAD-9DA6-A1ABDDC5293F}.Release|Win32.Build.0 = Release|Win32
		{7D76012E-36AB-4EAD-9DA6-A1ABDDC5293F}.Release|x64.ActiveCfg = Release|x64
		{7D76012E-36AB-4EAD-9DA6-A1ABDDC5293F}.Release|x64.Build.0 = Release|x64
		{9D7E556D-6CAE-48B3-806A-2AB22FC768CF}.Debug|Any CPU.ActiveCfg = Debug|Win32
		{9D7E556D-6CAE-48B3-806A-2AB22FC768CF}.Debug|Mixed Platforms.ActiveCfg = Debug|Win32
		{9D7E556D-6CAE-48B3-806A-2AB22FC768CF}.Debug|Mixed Platforms.Build.0 = Debug|Win32
		{9D7E556D-6CAE-48B3-806A-2AB22FC768CF}.Debug|Win32.ActiveCfg = Debug|Win32
		{9D7E556D-6CAE-48B3-806A-2AB22FC768CF}.Debug|Win32.Build.0 = Debug|Win32
		{9D7E556D-6CAE-48B3-806A-2AB22FC768CF}.Debug|x64.ActiveCfg = Debug|x64
		{9D7E556D-6CAE-48B3-806A-2AB22FC768CF}.Debug|x64.Build.0 = Debug|x64
		{9D7E556D-6CAE-48B3-806A-2AB22FC768CF}.Release|Any CPU.ActiveCfg = Release|Win32
		{9D7E556D-6CAE-48B3-806A-2AB22FC768CF}.Release|Mixed Platforms.ActiveCfg = Release|Win32
		{9D7E556D-6CAE-48B3-806A-2AB22FC768CF}.Release|Mixed Platforms.Build.0 = Release|Win32
		{9D7E556D-6CAE-48B3-806A-2AB22FC768CF}.Release|Win32.ActiveCfg = Release|Win32
		{9D7E556D-6CAE-48B3-806A-2AB22FC768CF}.Release|Win32.Build.0 = Release|Win32
		{9D7E556D-6CAE-48B3-806A-2AB22FC768CF}.Release|x64.ActiveCfg = Release|x64
		{9D7E556D-6CAE-48B3-806A-2AB22FC768CF}.Release|x64.Build.0 = Release|x64
		{64511938-26E6-440C-A0C7-26C4C3416C9A}.Debug|Any CPU.ActiveCfg = Debug|Win32
		{64511938-26E6-440C-A0C7-26C4C3416C9A}.Debug|Mixed Platforms.ActiveCfg = Debug|Win32
		{64511938-26E6-440C-A0C7-26C4C3416C9A}.Debug|Mixed Platforms.Build.0 = Debug|Win32
		{64511938-26E6-440C-A0C7-26C4C3416C9A}.Debug|Win32.ActiveCfg = Debug|Win32
		{64511938-26E6-440C-A0C7-26C4C3416C9A}.Debug|Win32.Build.0 = Debug|Win32
		{64511938-26E6-440C-A0C7-26C4C3416C9A}.Debug|x64.ActiveCfg = Debug|x64
		{64511938-26E6-440C-A0C7-26C4C3416C9A}.Debug|x64.Build.0 = Debug|x64
		{64511938-26E6-440C-A0C7-26C4C3416C9A}.Release|Any CPU.ActiveCfg = Release|Win32
		{64511938-26E6-440C-A0C7-26C4C3416C9A}.Release|Mixed Platforms.ActiveCfg = Release|Win32
		{64511938-26E6-440C-A0C7-26C4C3416C9A}.Release|Mixed Platforms.Build.0 = Release|Win32
		{64511938-26E6-440C-A0C7-26C4C3416C9A}.Release|Win32.ActiveCfg = Release|Win32
		{64511938-26E6-440C-A0C7-26C4C3416C9A}.Release|Win32.Build.0 = Release|Win32
		{64511938-26E6-440C-A0C7-26C4C3416C9A}.Release|x64.ActiveCfg = Release|x64
		{64511938-26E6-440C-A0C7-26C4C3416C9A}.Release|x64.Build.0 = Release|x64
		{27FE66BA-EA7A-4CE3-B282-838FDDF3A97E}.Debug|Any CPU.ActiveCfg = Debug|Win32
		{27FE66BA-EA7A-4CE3-B282-838FDDF3A97E}.Debug|Mixed Platforms.ActiveCfg = Debug|Win32
		{27FE66BA-EA7A-4CE3-B282-838FDDF3A97E}.Debug|Mixed Platforms.Build.0 = Debug|Win32
		{27FE66BA-EA7A-4CE3-B282-838FDDF3A97E}.Debug|Win32.ActiveCfg = Debug|Win32
		{27FE66BA-EA7A-4CE3-B282-838FDDF3A97E}.Debug|Win32.Build.0 = Debug|Win32
		{27FE66BA-EA7A-4CE3-B282-838FDDF3A97E}.Debug|x64.ActiveCfg = Debug|x64
		{27FE66BA-EA7A-4CE3-B282-838FDDF3A97E}.Debug|x64.Build.0 = Debug|x64
		{27FE66BA-EA7A-4CE3-B282-838FDDF3A97E}.Release|Any CPU.ActiveCfg = Release|Win32
		{27FE66BA-EA7A-4CE3-B282-838FDDF3A97E}.Release|Mixed Platforms.ActiveCfg = Release|Win32
		{27FE66BA-EA7A-4CE3-B282-838FDDF3A97E}.Release|Mixed Platforms.Build.0 = Release|Win32
		{27FE66BA-EA7A-4CE3-B282-838FDDF3A97E}.Release|Win32.ActiveCfg = Release|Win32
		{27FE66BA-EA7A-4CE3-B282-838FDDF3A97E}.Release|Win32.Build.0 = Release|Win32
		{27FE66BA-EA7A-4CE3-B282-838FDDF3A97E}.Release|x64.ActiveCfg = Release|x64
		{27FE66BA-EA7A-4CE3-B282-838FDDF3A97E}.Release|x64.Build.0 = Release|x64
		{2551233E-5311-4FD3-93DB-F5D43D7C5071}.Debug|Any CPU.ActiveCfg = Debug|Win32
		{2551233E-5311-4FD3-93DB-F5D43D7C5071}.Debug|Mixed Platforms.ActiveCfg = Debug|Win32
		{2551233E-5311-4FD3-93DB-F5D43D7C5071}.Debug|Mixed Platforms.Build.0 = Debug|Win32
		{2551233E-5311-4FD3-93DB-F5D43D7C5071}.Debug|Win32.ActiveCfg = Debug|Win32
		{2551233E-5311-4FD3-93DB-F5D43D7C5071}.Debug|Win32.Build.0 = Debug|Win32
		{2551233E-5311-4FD3-93DB-F5D43D7C5071}.Debug|x64.ActiveCfg = Debug|x64
		{2551233E-5311-4FD3-93DB-F5D43D7C5071}.Debug|x64.Build.0 = Debug|x64
		{2551233E-5311-4FD3-93DB-F5D43D7C5071}.Release|Any CPU.ActiveCfg = Release|Win32
		{2551233E-5311-4FD3-93DB-F5D43D7C5071}.Release|Mixed Platforms.ActiveCfg = Release|Win32
		{2551233E-5311-4FD3-93DB-F5D43D7C5071}.Release|Mixed Platforms.Build.0 = Release|Win32
		{2551233E-5311-4FD3-93DB-F5D43D7C5071}.Release|Win32.ActiveCfg = Release|Win32
		{2551233E-5311-4FD3-93DB-F5D43D7C5071}.Release|Win32.Build.0 = Release|Win32
		{2551233E-5311-4FD3-93DB-F5D43D7C5071}.Release|x64.ActiveCfg = Release|x64
		{2551233E-5311-4FD3-93DB-F5D43D7C5071}.Release|x64.Build.0 = Release|x64
		{54CF105B-75F1-4B3B-BA66-8AE153598FC7}.Debug|Any CPU.ActiveCfg = Debug|Win32
		{54CF105B-75F1-4B3B-BA66-8AE153598FC7}.Debug|Mixed Platforms.ActiveCfg = Debug|Win32
		{54CF105B-75F1-4B3B-BA66-8AE153598FC7}.Debug|Mixed Platforms.Build.0 = Debug|Win32
		{54CF105B-75F1-4B3B-BA66-8AE153598FC7}.Debug|Win32.ActiveCfg = Debug|Win32
		{54CF105B-75F1-4B3B-BA66-8AE153598FC7}.Debug|Win32.Build.0 = Debug|Win32
		{54CF105B-75F1-4B3B-BA66-8AE153598FC7}.Debug|x64.ActiveCfg = Debug|x64
		{54CF105B-75F1-4B3B-BA66-8AE153598FC7}.Debug|x64.Build.0 = Debug|x64
		{54CF105B-75F1-4B3B-BA66-8AE153598FC7}.Release|Any CPU.ActiveCfg = Release|Win32
		{54CF105B-75F1-4B3B-BA66-8AE153598FC7}.Release|Mixed Platforms.ActiveCfg = Release|Win32
		{54CF105B-75F1-4B3B-BA66-8AE153598FC7}.Release|Mixed Platforms.Build.0 = Release|Win32
		{54CF105B-75F1-4B3B-BA66-8AE153598FC7}.Release|Win32.ActiveCfg = Release|Win32
		{54CF105B-75F1-4B3B-BA66-8AE153598FC7}.Release|Win32.Build.0 = Release|Win32
		{54CF105B-75F1-4B3B-BA66-8AE153598FC7}.Release|x64.ActiveCfg = Release|x64
		{54CF105B-75F1-4B3B-BA66-8AE153598FC7}.Release|x64.Build.0 = Release|x64
		{25B111F6-D79E-4C63-B043-189E2DA3735F}.Debug|Any CPU.ActiveCfg = Debug|Win32
		{25B111F6-D79E-4C63-B043-189E2DA3735F}.Debug|Mixed Platforms.ActiveCfg = Debug|Win32
		{25B111F6-D79E-4C63-B043-189E2DA3735F}.Debug|Mixed Platforms.Build.0 = Debug|Win32
		{25B111F6-D79E-4C63-B043-189E2DA3735F}.Debug|Win32.ActiveCfg = Debug|Win32
		{25B111F6-D79E-4C63-B043-189E2DA3735F}.Debug|Win32.Build.0 = Debug|Win32
		{25B111F6-D79E-4C63-B043-189E2DA3735F}.Debug|x64.ActiveCfg = Debug|x64
		{25B111F6-D79E-4C63-B043-189E2DA3735F}.Debug|x64.Build.0 = Debug|x64
		{25B111F6-D79E-4C63-B043-189E2DA3735F}.Release|Any CPU.ActiveCfg = Release|Win32
		{25B111F6-D79E-4C63-B043-189E2DA3735F}.Release|Mixed Platforms.ActiveCfg = Release|Win32
		{25B111F6-D79E-4C63-B043-189E2DA3735F}.Release|Mixed Platforms.Build.0 = Release|Win32
		{25B111F6-D79E-4C63-B043-189E2DA3735F}.Release|Win32.ActiveCfg = Release|Win32
		{25B111F6-D79E-4C63-B043-189E2DA3735F}.Release|Win32.Build.0 = Release|Win32
		{25B111F6-D79E-4C63-B043-189E2DA3735F}.Release|x64.ActiveCfg = Release|x64
		{25B111F6-D79E-4C63-B043-189E2DA3735F}.Release|x64.Build.0 = Release|x64
		{9A57124F-8256-47EF-95D5-1005F901D2D7}.Debug|Any CPU.ActiveCfg = Debug|Win32
		{9A57124F-8256-47EF-95D5-1005F901D2D7}.Debug|Mixed Platforms.ActiveCfg = Debug|Win32
		{9A57124F-8256-47EF-95D5-1005F901D2D7}.Debug|Mixed Platforms.Build.0 = Debug|Win32
		{9A57124F-8256-47EF-95D5-1005F901D2D7}.Debug|Win32.ActiveCfg = Debug|Win32
		{9A57124F-8256-47EF-95D5-1005F901D2D7}.Debug|Win32.Build.0 = Debug|Win32
		{9A57124F-8256-47EF-95D5-1005F901D2D7}.Debug|x64.ActiveCfg = Debug|x64
		{9A57124F-8256-47EF-95D5-1005F901D2D7}.Debug|x64.Build.0 = Debug|x64
		{9A57124F-8256-47EF-95D5-1005F901D2D7}.Release|Any CPU.ActiveCfg = Release|Win32
		{9A57124F-8256-47EF-95D5-1005F901D2D7}.Release|Mixed Platforms.ActiveCfg = Release|Win32
		{9A57124F-8256-47EF-95D5-1005F901D2D7}.Release|Mixed Platforms.Build.0 = Release|Win32
		{9A57124F-8256-47EF-95D5-1005F901D2D7}.Release|Win32.ActiveCfg = Release|Win32
		{9A57124F-8256-47EF-95D5-1005F901D2D7}.Release|Win32.Build.0 = Release|Win32
		{9A57124F-8256-47EF-95D5-1005F901D2D7}.Release|x64.ActiveCfg = Release|x64
		{9A57124F-8256-47EF-95D5-1005F901D2D7}.Release|x64.Build.0 = Release|x64
		{C4D47A8C-CCDA-4488-BAA3-D68CCDF59A26}.Debug|Any CPU.ActiveCfg = Debug|Win32
		{C4D47A8C-CCDA-4488-BAA3-D68CCDF59A26}.Debug|Mixed Platforms.ActiveCfg = Debug|Win32
		{C4D47A8C-CCDA-4488-BAA3-D68CCDF59A26}.Debug|Mixed Platforms.Build.0 = Debug|Win32
		{C4D47A8C-CCDA-4488-BAA3-D68CCDF59A26}.Debug|Win32.ActiveCfg = Debug|Win32
		{C4D47A8C-CCDA-4488-BAA3-D68CCDF59A26}.Debug|Win32.Build.0 = Debug|Win32
		{C4D47A8C-CCDA-4488-BAA3-D68CCDF59A26}.Debug|x64.ActiveCfg = Debug|x64
		{C4D47A8C-CCDA-4488-BAA3-D68CCDF59A26}.Debug|x64.Build.0 = Debug|x64
		{C4D47A8C-CCDA-4488-BAA3-D68CCDF59A26}.Release|Any CPU.ActiveCfg = Release|Win32
		{C4D47A8C-CCDA-4488-BAA3-D68CCDF59A26}.Release|Mixed Platforms.ActiveCfg = Release|Win32
		{C4D47A8C-CCDA-4488-BAA3-D68CCDF59A26}.Release|Mixed Platforms.Build.0 = Release|Win32
		{C4D47A8C-CCDA-4488-BAA3-D68CCDF59A26}.Release|Win32.ActiveCfg = Release|Win32
		{C4D47A8C-CCDA-4488-BAA3-D68CCDF59A26}.Release|Win32.Build.0 = Release|Win32
		{C4D47A8C-CCDA-4488-BAA3-D68CCDF59A26}.Release|x64.ActiveCfg = Release|x64
		{C4D47A8C-CCDA-4488-BAA3-D68CCDF59A26}.Release|x64.Build.0 = Release|x64
		{61FD5E8F-5CF9-4C0F-A897-972DAD419BA7}.Debug|Any CPU.ActiveCfg = Debug|Win32
		{61FD5E8F-5CF9-4C0F-A897-972DAD419BA7}.Debug|Mixed Platforms.ActiveCfg = Debug|Win32
		{61FD5E8F-5CF9-4C0F-A897-972DAD419BA7}.Debug|Mixed Platforms.Build.0 = Debug|Win32
		{61FD5E8F-5CF9-4C0F-A897-972DAD419BA7}.Debug|Win32.ActiveCfg = Debug|Win32
		{61FD5E8F-5CF9-4C0F-A897-972DAD419BA7}.Debug|Win32.Build.0 = Debug|Win32
		{61FD5E8F-5CF9-4C0F-A897-972DAD419BA7}.Debug|x64.ActiveCfg = Debug|x64
		{61FD5E8F-5CF9-4C0F-A897-972DAD419BA7}.Debug|x64.Build.0 = Debug|x64
		{61FD5E8F-5CF9-4C0F-A897-972DAD419BA7}.Release|Any CPU.ActiveCfg = Release|Win32
		{61FD5E8F-5CF9-4C0F-A897-972DAD419BA7}.Release|Mixed Platforms.ActiveCfg = Release|Win32
		{61FD5E8F-5CF9-4C0F-A897-972DAD419BA7}.Release|Mixed Platforms.Build.0 = Release|Win32
		{61FD5E8F-5CF9-4C0F-A897-972DAD419BA7}.Release|Win32.ActiveCfg = Release|Win32
		{61FD5E8F-5CF9-4C0F-A897-972DAD419BA7}.Release|Win32.Build.0 = Release|Win32
		{61FD5E8F-5CF9-4C0F-A897-972DAD419BA7}.Release|x64.ActiveCfg = Release|x64
		{61FD5E8F-5CF9-4C0F-A897-972DAD419BA7}.Release|x64.Build.0 = Release|x64
		{BC35A8E4-A005-479B-9844-F0A3339709D8}.Debug|Any CPU.ActiveCfg = Debug|Win32
		{BC35A8E4-A005-479B-9844-F0A3339709D8}.Debug|Mixed Platforms.ActiveCfg = Debug|Win32
		{BC35A8E4-A005-479B-9844-F0A3339709D8}.Debug|Mixed Platforms.Build.0 = Debug|Win32
		{BC35A8E4-A005-479B-9844-F0A3339709D8}.Debug|Win32.ActiveCfg = Debug|Win32
		{BC35A8E4-A005-479B-9844-F0A3339709D8}.Debug|Win32.Build.0 = Debug|Win32
		{BC35A8E4-A005-479B-9844-F0A3339709D8}.Debug|x64.ActiveCfg = Debug|x64
		{BC35A8E4-A005-479B-9844-F0A3339709D8}.Debug|x64.Build.0 = Debug|x64
		{BC35A8E4-A005-479B-9844-F0A3339709D8}.Release|Any CPU.ActiveCfg = Release|Win32
		{BC35A8E4-A005-479B-9844-F0A3339709D8}.Release|Mixed Platforms.ActiveCfg = Release|Win32
		{BC35A8E4-A005-479B-9844-F0A3339709D8}.Release|Mixed Platforms.Build.0 = Release|Win32
		{BC35A8E4-A005-479B-9844-F0A3339709D8}.Release|Win32.ActiveCfg = Release|Win32
		{BC35A8E4-A005-479B-9844-F0A3339709D8}.Release|Win32.Build.0 = Release|Win32
		{BC35A8E4-A005-479B-9844-F0A3339709D8}.Release|x64.ActiveCfg = Release|x64
		{BC35A8E4-A005-479B-9844-F0A3339709D8}.Release|x64.Build.0 = Release|x64
		{34F4E13D-A365-4ADF-B54E-3DC2A4CD6BB7}.Debug|Any CPU.ActiveCfg = Debug|Win32
		{34F4E13D-A365-4ADF-B54E-3DC2A4CD6BB7}.Debug|Mixed Platforms.ActiveCfg = Debug|Win32
		{34F4E13D-A365-4ADF-B54E-3DC2A4CD6BB7}.Debug|Mixed Platforms.Build.0 = Debug|Win32
		{34F4E13D-A365-4ADF-B54E-3DC2A4CD6BB7}.Debug|Win32.ActiveCfg = Debug|Win32
		{34F4E13D-A365-4ADF-B54E-3DC2A4CD6BB7}.Debug|Win32.Build.0 = Debug|Win32
		{34F4E13D-A365-4ADF-B54E-3DC2A4CD6BB7}.Debug|x64.ActiveCfg = Debug|x64
		{34F4E13D-A365-4ADF-B54E-3DC2A4CD6BB7}.Debug|x64.Build.0 = Debug|x64
		{34F4E13D-A365-4ADF-B54E-3DC2A4CD6BB7}.Release|Any CPU.ActiveCfg = Release|Win32
		{34F4E13D-A365-4ADF-B54E-3DC2A4CD6BB7}.Release|Mixed Platforms.ActiveCfg = Release|Win32
		{34F4E13D-A365-4ADF-B54E-3DC2A4CD6BB7}.Release|Mixed Platforms.Build.0 = Release|Win32
		{34F4E13D-A365-4ADF-B54E-3DC2A4CD6BB7}.Release|Win32.ActiveCfg = Release|Win32
		{34F4E13D-A365-4ADF-B54E-3DC2A4CD6BB7}.Release|Win32.Build.0 = Release|Win32
		{34F4E13D-A365-4ADF-B54E-3DC2A4CD6BB7}.Release|x64.ActiveCfg = Release|x64
		{34F4E13D-A365-4ADF-B54E-3DC2A4CD6BB7}.Release|x64.Build.0 = Release|x64
		{4CA50DB7-5A40-44DC-A9DC-50234ACF58D7}.Debug|Any CPU.ActiveCfg = Debug|Win32
		{4CA50DB7-5A40-44DC-A9DC-50234ACF58D7}.Debug|Mixed Platforms.ActiveCfg = Debug|Win32
		{4CA50DB7-5A40-44DC-A9DC-50234ACF58D7}.Debug|Mixed Platforms.Build.0 = Debug|Win32
		{4CA50DB7-5A40-44DC-A9DC-50234ACF58D7}.Debug|Win32.ActiveCfg = Debug|Win32
		{4CA50DB7-5A40-44DC-A9DC-50234ACF58D7}.Debug|Win32.Build.0 = Debug|Win32
		{4CA50DB7-5A40-44DC-A9DC-50234ACF58D7}.Debug|x64.ActiveCfg = Debug|x64
		{4CA50DB7-5A40-44DC-A9DC-50234ACF58D7}.Debug|x64.Build.0 = Debug|x64
		{4CA50DB7-5A40-44DC-A9DC-50234ACF58D7}.Release|Any CPU.ActiveCfg = Release|Win32
		{4CA50DB7-5A40-44DC-A9DC-50234ACF58D7}.Release|Mixed Platforms.ActiveCfg = Release|Win32
		{4CA50DB7-5A40-44DC-A9DC-50234ACF58D7}.Release|Mixed Platforms.Build.0 = Release|Win32
		{4CA50DB7-5A40-44DC-A9DC-50234ACF58D7}.Release|Win32.ActiveCfg = Release|Win32
		{4CA50DB7-5A40-44DC-A9DC-50234ACF58D7}.Release|Win32.Build.0 = Release|Win32
		{4CA50DB7-5A40-44DC-A9DC-50234ACF58D7}.Release|x64.ActiveCfg = Release|x64
		{4CA50DB7-5A40-44DC-A9DC-50234ACF58D7}.Release|x64.Build.0 = Release|x64
		{A858FBC3-FD6C-4222-BC9C-81BF4B9B68F9}.Debug|Any CPU.ActiveCfg = Debug|Win32
		{A858FBC3-FD6C-4222-BC9C-81BF4B9B68F9}.Debug|Mixed Platforms.ActiveCfg = Debug|Win32
		{A858FBC3-FD6C-4222-BC9C-81BF4B9B68F9}.Debug|Mixed Platforms.Build.0 = Debug|Win32
		{A858FBC3-FD6C-4222-BC9C-81BF4B9B68F9}.Debug|Win32.ActiveCfg = Debug|Win32
		{A858FBC3-FD6C-4222-BC9C-81BF4B9B68F9}.Debug|Win32.Build.0 = Debug|Win32
		{A858FBC3-FD6C-4222-BC9C-81BF4B9B68F9}.Debug|x64.ActiveCfg = Debug|x64
		{A858FBC3-FD6C-4222-BC9C-81BF4B9B68F9}.Debug|x64.Build.0 = Debug|x64
		{A858FBC3-FD6C-4222-BC9C-81BF4B9B68F9}.Release|Any CPU.ActiveCfg = Release|Win32
		{A858FBC3-FD6C-4222-BC9C-81BF4B9B68F9}.Release|Mixed Platforms.ActiveCfg = Release|Win32
		{A858FBC3-FD6C-4222-BC9C-81BF4B9B68F9}.Release|Mixed Platforms.Build.0 = Release|Win32
		{A858FBC3-FD6C-4222-BC9C-81BF4B9B68F9}.Release|Win32.ActiveCfg = Release|Win32
		{A858FBC3-FD6C-4222-BC9C-81BF4B9B68F9}.Release|Win32.Build.0 = Release|Win32
		{A858FBC3-FD6C-4222-BC9C-81BF4B9B68F9}.Release|x64.ActiveCfg = Release|x64
		{A858FBC3-FD6C-4222-BC9C-81BF4B9B68F9}.Release|x64.Build.0 = Release|x64
		{33BBBC53-321B-4AC5-B1F4-C186220D3192}.Debug|Any CPU.ActiveCfg = Debug|Win32
		{33BBBC53-321B-4AC5-B1F4-C186220D3192}.Debug|Mixed Platforms.ActiveCfg = Debug|Win32
		{33BBBC53-321B-4AC5-B1F4-C186220D3192}.Debug|Mixed Platforms.Build.0 = Debug|Win32
		{33BBBC53-321B-4AC5-B1F4-C186220D3192}.Debug|Win32.ActiveCfg = Debug|Win32
		{33BBBC53-321B-4AC5-B1F4-C186220D3192}.Debug|Win32.Build.0 = Debug|Win32
		{33BBBC53-321B-4AC5-B1F4-C186220D3192}.Debug|x64.ActiveCfg = Debug|x64
		{33BBBC53-321B-4AC5-B1F4-C186220D3192}.Debug|x64.Build.0 = Debug|x64
		{33BBBC53-321B-4AC5-B1F4-C186220D3192}.Release|Any CPU.ActiveCfg = Release|Win32
		{33BBBC53-321B-4AC5-B1F4-C186220D3192}.Release|Mixed Platforms.ActiveCfg = Release|Win32
		{33BBBC53-321B-4AC5-B1F4-C186220D3192}.Release|Mixed Platforms.Build.0 = Release|Win32
		{33BBBC53-321B-4AC5-B1F4-C186220D3192}.Release|Win32.ActiveCfg = Release|Win32
		{33BBBC53-321B-4AC5-B1F4-C186220D3192}.Release|Win32.Build.0 = Release|Win32
		{33BBBC53-321B-4AC5-B1F4-C186220D3192}.Release|x64.ActiveCfg = Release|x64
		{33BBBC53-321B-4AC5-B1F4-C186220D3192}.Release|x64.Build.0 = Release|x64
		{E19F62DE-4947-418A-939D-E5CF3E24CD46}.Debug|Any CPU.ActiveCfg = Debug|Win32
		{E19F62DE-4947-418A-939D-E5CF3E24CD46}.Debug|Mixed Platforms.ActiveCfg = Debug|Win32
		{E19F62DE-4947-418A-939D-E5CF3E24CD46}.Debug|Mixed Platforms.Build.0 = Debug|Win32
		{E19F62DE-4947-418A-939D-E5CF3E24CD46}.Debug|Win32.ActiveCfg = Debug|Win32
		{E19F62DE-4947-418A-939D-E5CF3E24CD46}.Debug|Win32.Build.0 = Debug|Win32
		{E19F62DE-4947-418A-939D-E5CF3E24CD46}.Debug|x64.ActiveCfg = Debug|x64
		{E19F62DE-4947-418A-939D-E5CF3E24CD46}.Debug|x64.Build.0 = Debug|x64
		{E19F62DE-4947-418A-939D-E5CF3E24CD46}.Release|Any CPU.ActiveCfg = Release|Win32
		{E19F62DE-4947-418A-939D-E5CF3E24CD46}.Release|Mixed Platforms.ActiveCfg = Release|Win32
		{E19F62DE-4947-418A-939D-E5CF3E24CD46}.Release|Mixed Platforms.Build.0 = Release|Win32
		{E19F62DE-4947-418A-939D-E5CF3E24CD46}.Release|Win32.ActiveCfg = Release|Win32
		{E19F62DE-4947-418A-939D-E5CF3E24CD46}.Release|Win32.Build.0 = Release|Win32
		{E19F62DE-4947-418A-939D-E5CF3E24CD46}.Release|x64.ActiveCfg = Release|x64
		{E19F62DE-4947-418A-939D-E5CF3E24CD46}.Release|x64.Build.0 = Release|x64
		{90D3E167-76E3-48B0-AF43-60D8B0AFC326}.Debug|Any CPU.ActiveCfg = Debug|Win32
		{90D3E167-76E3-48B0-AF43-60D8B0AFC326}.Debug|Mixed Platforms.ActiveCfg = Debug|Win32
		{90D3E167-76E3-48B0-AF43-60D8B0AFC326}.Debug|Mixed Platforms.Build.0 = Debug|Win32
		{90D3E167-76E3-48B0-AF43-60D8B0AFC326}.Debug|Win32.ActiveCfg = Debug|Win32
		{90D3E167-76E3-48B0-AF43-60D8B0AFC326}.Debug|Win32.Build.0 = Debug|Win32
		{90D3E167-76E3-48B0-AF43-60D8B0AFC326}.Debug|x64.ActiveCfg = Debug|x64
		{90D3E167-76E3-48B0-AF43-60D8B0AFC326}.Debug|x64.Build.0 = Debug|x64
		{90D3E167-76E3-48B0-AF43-60D8B0AFC326}.Release|Any CPU.ActiveCfg = Release|Win32
		{90D3E167-76E3-48B0-AF43-60D8B0AFC326}.Release|Mixed Platforms.ActiveCfg = Release|Win32
		{90D3E167-76E3-48B0-AF43-60D8B0AFC326}.Release|Mixed Platforms.Build.0 = Release|Win32
		{90D3E167-76E3-48B0-AF43-60D8B0AFC326}.Release|Win32.ActiveCfg = Release|Win32
		{90D3E167-76E3-48B0-AF43-60D8B0AFC326}.Release|Win32.Build.0 = Release|Win32
		{90D3E167-76E3-48B0-AF43-60D8B0AFC326}.Release|x64.ActiveCfg = Release|x64
		{90D3E167-76E3-48B0-AF43-60D8B0AFC326}.Release|x64.Build.0 = Release|x64
		{BFD915CD-6315-4B78-A75E-4C3FDFE4923F}.Debug|Any CPU.ActiveCfg = Debug|Win32
		{BFD915CD-6315-4B78-A75E-4C3FDFE4923F}.Debug|Mixed Platforms.ActiveCfg = Debug|Win32
		{BFD915CD-6315-4B78-A75E-4C3FDFE4923F}.Debug|Mixed Platforms.Build.0 = Debug|Win32
		{BFD915CD-6315-4B78-A75E-4C3FDFE4923F}.Debug|Win32.ActiveCfg = Debug|Win32
		{BFD915CD-6315-4B78-A75E-4C3FDFE4923F}.Debug|Win32.Build.0 = Debug|Win32
		{BFD915CD-6315-4B78-A75E-4C3FDFE4923F}.Debug|x64.ActiveCfg = Debug|x64
		{BFD915CD-6315-4B78-A75E-4C3FDFE4923F}.Debug|x64.Build.0 = Debug|x64
		{BFD915CD-6315-4B78-A75E-4C3FDFE4923F}.Release|Any CPU.ActiveCfg = Release|Win32
		{BFD915CD-6315-4B78-A75E-4C3FDFE4923F}.Release|Mixed Platforms.ActiveCfg = Release|Win32
		{BFD915CD-6315-4B78-A75E-4C3FDFE4923F}.Release|Mixed Platforms.Build.0 = Release|Win32
		{BFD915CD-6315-4B78-A75E-4C3FDFE4923F}.Release|Win32.ActiveCfg = Release|Win32
		{BFD915CD-6315-4B78-A75E-4C3FDFE4923F}.Release|Win32.Build.0 = Release|Win32
		{BFD915CD-6315-4B78-A75E-4C3FDFE4923F}.Release|x64.ActiveCfg = Release|x64
		{BFD915CD-6315-4B78-A75E-4C3FDFE4923F}.Release|x64.Build.0 = Release|x64
		{26DCA223-8A32-4F20-8499-2A5C4DEA45B8}.Debug|Any CPU.ActiveCfg = Debug|Win32
		{26DCA223-8A32-4F20-8499-2A5C4DEA45B8}.Debug|Mixed Platforms.ActiveCfg = Debug|Win32
		{26DCA223-8A32-4F20-8499-2A5C4DEA45B8}.Debug|Mixed Platforms.Build.0 = Debug|Win32
		{26DCA223-8A32-4F20-8499-2A5C4DEA45B8}.Debug|Win32.ActiveCfg = Debug|Win32
		{26DCA223-8A32-4F20-8499-2A5C4DEA45B8}.Debug|Win32.Build.0 = Debug|Win32
		{26DCA223-8A32-4F20-8499-2A5C4DEA45B8}.Debug|x64.ActiveCfg = Debug|x64
		{26DCA223-8A32-4F20-8499-2A5C4DEA45B8}.Debug|x64.Build.0 = Debug|x64
		{26DCA223-8A32-4F20-8499-2A5C4DEA45B8}.Release|Any CPU.ActiveCfg = Release|Win32
		{26DCA223-8A32-4F20-8499-2A5C4DEA45B8}.Release|Mixed Platforms.ActiveCfg = Release|Win32
		{26DCA223-8A32-4F20-8499-2A5C4DEA45B8}.Release|Mixed Platforms.Build.0 = Release|Win32
		{26DCA223-8A32-4F20-8499-2A5C4DEA45B8}.Release|Win32.ActiveCfg = Release|Win32
		{26DCA223-8A32-4F20-8499-2A5C4DEA45B8}.Release|Win32.Build.0 = Release|Win32
		{26DCA223-8A32-4F20-8499-2A5C4DEA45B8}.Release|x64.ActiveCfg = Release|x64
		{26DCA223-8A32-4F20-8499-2A5C4DEA45B8}.Release|x64.Build.0 = Release|x64
		{2C43274A-90D6-44DF-9F72-8E85B788EAFF}.Debug|Any CPU.ActiveCfg = Debug|Win32
		{2C43274A-90D6-44DF-9F72-8E85B788EAFF}.Debug|Mixed Platforms.ActiveCfg = Debug|Win32
		{2C43274A-90D6-44DF-9F72-8E85B788EAFF}.Debug|Mixed Platforms.Build.0 = Debug|Win32
		{2C43274A-90D6-44DF-9F72-8E85B788EAFF}.Debug|Win32.ActiveCfg = Debug|Win32
		{2C43274A-90D6-44DF-9F72-8E85B788EAFF}.Debug|Win32.Build.0 = Debug|Win32
		{2C43274A-90D6-44DF-9F72-8E85B788EAFF}.Debug|x64.ActiveCfg = Debug|x64
		{2C43274A-90D6-44DF-9F72-8E85B788EAFF}.Debug|x64.Build.0 = Debug|x64
		{2C43274A-90D6-44DF-9F72-8E85B788EAFF}.Release|Any CPU.ActiveCfg = Release|Win32
		{2C43274A-90D6-44DF-9F72-8E85B788EAFF}.Release|Mixed Platforms.ActiveCfg = Release|Win32
		{2C43274A-90D6-44DF-9F72-8E85B788EAFF}.Release|Mixed Platforms.Build.0 = Release|Win32
		{2C43274A-90D6-44DF-9F72-8E85B788EAFF}.Release|Win32.ActiveCfg = Release|Win32
		{2C43274A-90D6-44DF-9F72-8E85B788EAFF}.Release|Win32.Build.0 = Release|Win32
		{2C43274A-90D6-44DF-9F72-8E85B788EAFF}.Release|x64.ActiveCfg = Release|x64
		{2C43274A-90D6-44DF-9F72-8E85B788EAFF}.Release|x64.Build.0 = Release|x64
		{D25DD645-2CD3-4907-BD9D-F515A8C06F4A}.Debug|Any CPU.ActiveCfg = Debug|Win32
		{D25DD645-2CD3-4907-BD9D-F515A8C06F4A}.Debug|Mixed Platforms.ActiveCfg = Debug|Win32
		{D25DD645-2CD3-4907-BD9D-F515A8C06F4A}.Debug|Mixed Platforms.Build.0 = Debug|Win32
		{D25DD645-2CD3-4907-BD9D-F515A8C06F4A}.Debug|Win32.ActiveCfg = Debug|Win32
		{D25DD645-2CD3-4907-BD9D-F515A8C06F4A}.Debug|Win32.Build.0 = Debug|Win32
		{D25DD645-2CD3-4907-BD9D-F515A8C06F4A}.Debug|x64.ActiveCfg = Debug|x64
		{D25DD645-2CD3-4907-BD9D-F515A8C06F4A}.Debug|x64.Build.0 = Debug|x64
		{D25DD645-2CD3-4907-BD9D-F515A8C06F4A}.Release|Any CPU.ActiveCfg = Release|Win32
		{D25DD645-2CD3-4907-BD9D-F515A8C06F4A}.Release|Mixed Platforms.ActiveCfg = Release|Win32
		{D25DD645-2CD3-4907-BD9D-F515A8C06F4A}.Release|Mixed Platforms.Build.0 = Release|Win32
		{D25DD645-2CD3-4907-BD9D-F515A8C06F4A}.Release|Win32.ActiveCfg = Release|Win32
		{D25DD645-2CD3-4907-BD9D-F515A8C06F4A}.Release|Win32.Build.0 = Release|Win32
		{D25DD645-2CD3-4907-BD9D-F515A8C06F4A}.Release|x64.ActiveCfg = Release|x64
		{D25DD645-2CD3-4907-BD9D-F515A8C06F4A}.Release|x64.Build.0 = Release|x64
		{3D8A6295-6342-4B1F-8D31-EAFF58CDF954}.Debug|Any CPU.ActiveCfg = Debug|Win32
		{3D8A6295-6342-4B1F-8D31-EAFF58CDF954}.Debug|Mixed Platforms.ActiveCfg = Debug|Win32
		{3D8A6295-6342-4B1F-8D31-EAFF58CDF954}.Debug|Mixed Platforms.Build.0 = Debug|Win32
		{3D8A6295-6342-4B1F-8D31-EAFF58CDF954}.Debug|Win32.ActiveCfg = Debug|Win32
		{3D8A6295-6342-4B1F-8D31-EAFF58CDF954}.Debug|Win32.Build.0 = Debug|Win32
		{3D8A6295-6342-4B1F-8D31-EAFF58CDF954}.Debug|x64.ActiveCfg = Debug|x64
		{3D8A6295-6342-4B1F-8D31-EAFF58CDF954}.Debug|x64.Build.0 = Debug|x64
		{3D8A6295-6342-4B1F-8D31-EAFF58CDF954}.Release|Any CPU.ActiveCfg = Release|Win32
		{3D8A6295-6342-4B1F-8D31-EAFF58CDF954}.Release|Mixed Platforms.ActiveCfg = Release|Win32
		{3D8A6295-6342-4B1F-8D31-EAFF58CDF954}.Release|Mixed Platforms.Build.0 = Release|Win32
		{3D8A6295-6342-4B1F-8D31-EAFF58CDF954}.Release|Win32.ActiveCfg = Release|Win32
		{3D8A6295-6342-4B1F-8D31-EAFF58CDF954}.Release|Win32.Build.0 = Release|Win32
		{3D8A6295-6342-4B1F-8D31-EAFF58CDF954}.Release|x64.ActiveCfg = Release|x64
		{3D8A6295-6342-4B1F-8D31-EAFF58CDF954}.Release|x64.Build.0 = Release|x64
		{50BA5E6D-0196-4774-BD17-6DDF6933957C}.Debug|Any CPU.ActiveCfg = Debug|Win32
		{50BA5E6D-0196-4774-BD17-6DDF6933957C}.Debug|Mixed Platforms.ActiveCfg = Debug|Win32
		{50BA5E6D-0196-4774-BD17-6DDF6933957C}.Debug|Mixed Platforms.Build.0 = Debug|Win32
		{50BA5E6D-0196-4774-BD17-6DDF6933957C}.Debug|Win32.ActiveCfg = Debug|Win32
		{50BA5E6D-0196-4774-BD17-6DDF6933957C}.Debug|Win32.Build.0 = Debug|Win32
		{50BA5E6D-0196-4774-BD17-6DDF6933957C}.Debug|x64.ActiveCfg = Debug|x64
		{50BA5E6D-0196-4774-BD17-6DDF6933957C}.Debug|x64.Build.0 = Debug|x64
		{50BA5E6D-0196-4774-BD17-6DDF6933957C}.Release|Any CPU.ActiveCfg = Release|Win32
		{50BA5E6D-0196-4774-BD17-6DDF6933957C}.Release|Mixed Platforms.ActiveCfg = Release|Win32
		{50BA5E6D-0196-4774-BD17-6DDF6933957C}.Release|Mixed Platforms.Build.0 = Release|Win32
		{50BA5E6D-0196-4774-BD17-6DDF6933957C}.Release|Win32.ActiveCfg = Release|Win32
		{50BA5E6D-0196-4774-BD17-6DDF6933957C}.Release|Win32.Build.0 = Release|Win32
		{50BA5E6D-0196-4774-BD17-6DDF6933957C}.Release|x64.ActiveCfg = Release|x64
		{50BA5E6D-0196-4774-BD17-6DDF6933957C}.Release|x64.Build.0 = Release|x64
		{454BB75C-20A5-487B-8EA2-150CAB2C7495}.Debug|Any CPU.ActiveCfg = Debug|Win32
		{454BB75C-20A5-487B-8EA2-150CAB2C7495}.Debug|Mixed Platforms.ActiveCfg = Debug|Win32
		{454BB75C-20A5-487B-8EA2-150CAB2C7495}.Debug|Mixed Platforms.Build.0 = Debug|Win32
		{454BB75C-20A5-487B-8EA2-150CAB2C7495}.Debug|Win32.ActiveCfg = Debug|Win32
		{454BB75C-20A5-487B-8EA2-150CAB2C7495}.Debug|Win32.Build.0 = Debug|Win32
		{454BB75C-20A5-487B-8EA2-150CAB2C7495}.Debug|x64.ActiveCfg = Debug|x64
		{454BB75C-20A5-487B-8EA2-150CAB2C7495}.Debug|x64.Build.0 = Debug|x64
		{454BB75C-20A5-487B-8EA2-150CAB2C7495}.Release|Any CPU.ActiveCfg = Release|Win32
		{454BB75C-20A5-487B-8EA2-150CAB2C7495}.Release|Mixed Platforms.ActiveCfg = Release|Win32
		{454BB75C-20A5-487B-8EA2-150CAB2C7495}.Release|Mixed Platforms.Build.0 = Release|Win32
		{454BB75C-20A5-487B-8EA2-150CAB2C7495}.Release|Win32.ActiveCfg = Release|Win32
		{454BB75C-20A5-487B-8EA2-150CAB2C7495}.Release|Win32.Build.0 = Release|Win32
		{454BB75C-20A5-487B-8EA2-150CAB2C7495}.Release|x64.ActiveCfg = Release|x64
		{454BB75C-20A5-487B-8EA2-150CAB2C7495}.Release|x64.Build.0 = Release|x64
		{2C8E3970-DE7B-4812-9031-F624827349BD}.Debug|Any CPU.ActiveCfg = Debug|Win32
		{2C8E3970-DE7B-4812-9031-F624827349BD}.Debug|Mixed Platforms.ActiveCfg = Debug|Win32
		{2C8E3970-DE7B-4812-9031-F624827349BD}.Debug|Mixed Platforms.Build.0 = Debug|Win32
		{2C8E3970-DE7B-4812-9031-F624827349BD}.Debug|Win32.ActiveCfg = Debug|Win32
		{2C8E3970-DE7B-4812-9031-F624827349BD}.Debug|Win32.Build.0 = Debug|Win32
		{2C8E3970-DE7B-4812-9031-F624827349BD}.Debug|x64.ActiveCfg = Debug|x64
		{2C8E3970-DE7B-4812-9031-F624827349BD}.Debug|x64.Build.0 = Debug|x64
		{2C8E3970-DE7B-4812-9031-F624827349BD}.Release|Any CPU.ActiveCfg = Release|Win32
		{2C8E3970-DE7B-4812-9031-F624827349BD}.Release|Mixed Platforms.ActiveCfg = Release|Win32
		{2C8E3970-DE7B-4812-9031-F624827349BD}.Release|Mixed Platforms.Build.0 = Release|Win32
		{2C8E3970-DE7B-4812-9031-F624827349BD}.Release|Win32.ActiveCfg = Release|Win32
		{2C8E3970-DE7B-4812-9031-F624827349BD}.Release|Win32.Build.0 = Release|Win32
		{2C8E3970-DE7B-4812-9031-F624827349BD}.Release|x64.ActiveCfg = Release|x64
		{2C8E3970-DE7B-4812-9031-F624827349BD}.Release|x64.Build.0 = Release|x64
		{E4A63570-BDB3-4B15-86FE-E94C69BC5B73}.Debug|Any CPU.ActiveCfg = Debug|Win32
		{E4A63570-BDB3-4B15-86FE-E94C69BC5B73}.Debug|Mixed Platforms.ActiveCfg = Debug|Win32
		{E4A63570-BDB3-4B15-86FE-E94C69BC5B73}.Debug|Mixed Platforms.Build.0 = Debug|Win32
		{E4A63570-BDB3-4B15-86FE-E94C69BC5B73}.Debug|Win32.ActiveCfg = Debug|Win32
		{E4A63570-BDB3-4B15-86FE-E94C69BC5B73}.Debug|Win32.Build.0 = Debug|Win32
		{E4A63570-BDB3-4B15-86FE-E94C69BC5B73}.Debug|x64.ActiveCfg = Debug|x64
		{E4A63570-BDB3-4B15-86FE-E94C69BC5B73}.Debug|x64.Build.0 = Debug|x64
		{E4A63570-BDB3-4B15-86FE-E94C69BC5B73}.Release|Any CPU.ActiveCfg = Release|Win32
		{E4A63570-BDB3-4B15-86FE-E94C69BC5B73}.Release|Mixed Platforms.ActiveCfg = Release|Win32
		{E4A63570-BDB3-4B15-86FE-E94C69BC5B73}.Release|Mixed Platforms.Build.0 = Release|Win32
		{E4A63570-BDB3-4B15-86FE-E94C69BC5B73}.Release|Win32.ActiveCfg = Release|Win32
		{E4A63570-BDB3-4B15-86FE-E94C69BC5B73}.Release|Win32.Build.0 = Release|Win32
		{E4A63570-BDB3-4B15-86FE-E94C69BC5B73}.Release|x64.ActiveCfg = Release|x64
		{E4A63570-BDB3-4B15-86FE-E94C69BC5B73}.Release|x64.Build.0 = Release|x64
		{DE97B4D2-D190-427C-831A-CC7B9A4BE085}.Debug|Any CPU.ActiveCfg = Debug|Win32
		{DE97B4D2-D190-427C-831A-CC7B9A4BE085}.Debug|Mixed Platforms.ActiveCfg = Debug|Win32
		{DE97B4D2-D190-427C-831A-CC7B9A4BE085}.Debug|Mixed Platforms.Build.0 = Debug|Win32
		{DE97B4D2-D190-427C-831A-CC7B9A4BE085}.Debug|Win32.ActiveCfg = Debug|Win32
		{DE97B4D2-D190-427C-831A-CC7B9A4BE085}.Debug|Win32.Build.0 = Debug|Win32
		{DE97B4D2-D190-427C-831A-CC7B9A4BE085}.Debug|x64.ActiveCfg = Debug|x64
		{DE97B4D2-D190-427C-831A-CC7B9A4BE085}.Debug|x64.Build.0 = Debug|x64
		{DE97B4D2-D190-427C-831A-CC7B9A4BE085}.Release|Any CPU.ActiveCfg = Release|Win32
		{DE97B4D2-D190-427C-831A-CC7B9A4BE085}.Release|Mixed Platforms.ActiveCfg = Release|Win32
		{DE97B4D2-D190-427C-831A-CC7B9A4BE085}.Release|Mixed Platforms.Build.0 = Release|Win32
		{DE97B4D2-D190-427C-831A-CC7B9A4BE085}.Release|Win32.ActiveCfg = Release|Win32
		{DE97B4D2-D190-427C-831A-CC7B9A4BE085}.Release|Win32.Build.0 = Release|Win32
		{DE97B4D2-D190-427C-831A-CC7B9A4BE085}.Release|x64.ActiveCfg = Release|x64
		{DE97B4D2-D190-427C-831A-CC7B9A4BE085}.Release|x64.Build.0 = Release|x64
	EndGlobalSection
	GlobalSection(SolutionProperties) = preSolution
		HideSolutionNode = FALSE
	EndGlobalSection
	GlobalSection(ExtensibilityGlobals) = postSolution
		SolutionGuid = {E4D4DB7F-88EC-409E-BB4D-F8BE51F96D96}
	EndGlobalSection
EndGlobal
